
Microsoft Visual Studio Solution File, Format Version 12.00
# Visual Studio 15
VisualStudioVersion = 15.0.27703.2026
MinimumVisualStudioVersion = 10.0.40219.1
Project("{FAE04EC0-301F-11D3-BF4B-00C04F79EFBC}") = "Cookbook", "Cookbook\Cookbook.csproj", "{195ACFB6-9E38-40CF-9D54-3C4FC0CA2EF6}"
EndProject
Global
	GlobalSection(SolutionConfigurationPlatforms) = preSolution
		Debug|Any CPU = Debug|Any CPU
		Release|Any CPU = Release|Any CPU
	EndGlobalSection
	GlobalSection(ProjectConfigurationPlatforms) = postSolution
		{195ACFB6-9E38-40CF-9D54-3C4FC0CA2EF6}.Debug|Any CPU.ActiveCfg = Debug|Any CPU
		{195ACFB6-9E38-40CF-9D54-3C4FC0CA2EF6}.Debug|Any CPU.Build.0 = Debug|Any CPU
		{195ACFB6-9E38-40CF-9D54-3C4FC0CA2EF6}.Release|Any CPU.ActiveCfg = Release|Any CPU
		{195ACFB6-9E38-40CF-9D54-3C4FC0CA2EF6}.Release|Any CPU.Build.0 = Release|Any CPU
	EndGlobalSection
	GlobalSection(SolutionProperties) = preSolution
		HideSolutionNode = FALSE
	EndGlobalSection
	GlobalSection(ExtensibilityGlobals) = postSolution
		SolutionGuid = {67A52988-66B2-49FA-BE28-DB9AC6059699}
	EndGlobalSection
EndGlobal
